// !$*UTF8*$!
{
	archiveVersion = 1;
	classes = {
	};
	objectVersion = 46;
	objects = {

/* Begin PBXBuildFile section */
		54246B381B0025F700777B18 /* AppDelegate.swift in Sources */ = {isa = PBXBuildFile; fileRef = 54246B371B0025F700777B18 /* AppDelegate.swift */; };
		54246B3D1B0025F700777B18 /* Main.storyboard in Resources */ = {isa = PBXBuildFile; fileRef = 54246B3B1B0025F700777B18 /* Main.storyboard */; };
		54246B3F1B0025F700777B18 /* Images.xcassets in Resources */ = {isa = PBXBuildFile; fileRef = 54246B3E1B0025F700777B18 /* Images.xcassets */; };
		54246B421B0025F700777B18 /* LaunchScreen.xib in Resources */ = {isa = PBXBuildFile; fileRef = 54246B401B0025F700777B18 /* LaunchScreen.xib */; };
		54246B4E1B0025F700777B18 /* json_test_appTests.swift in Sources */ = {isa = PBXBuildFile; fileRef = 54246B4D1B0025F700777B18 /* json_test_appTests.swift */; };
		54246B581B0028CE00777B18 /* UsersTableViewController.swift in Sources */ = {isa = PBXBuildFile; fileRef = 54246B571B0028CE00777B18 /* UsersTableViewController.swift */; };
		54246B5C1B002A1A00777B18 /* UserViewController.swift in Sources */ = {isa = PBXBuildFile; fileRef = 54246B5B1B002A1A00777B18 /* UserViewController.swift */; };
		54246B5E1B00451800777B18 /* UserModel.swift in Sources */ = {isa = PBXBuildFile; fileRef = 54246B5D1B00451800777B18 /* UserModel.swift */; };
		54246B601B00544B00777B18 /* API.swift in Sources */ = {isa = PBXBuildFile; fileRef = 54246B5F1B00544B00777B18 /* API.swift */; };
/* End PBXBuildFile section */

/* Begin PBXContainerItemProxy section */
		54246B481B0025F700777B18 /* PBXContainerItemProxy */ = {
			isa = PBXContainerItemProxy;
			containerPortal = 54246B2A1B0025F700777B18 /* Project object */;
			proxyType = 1;
			remoteGlobalIDString = 54246B311B0025F700777B18;
			remoteInfo = "json-test-app";
		};
/* End PBXContainerItemProxy section */

/* Begin PBXFileReference section */
		54246B321B0025F700777B18 /* json-test-app.app */ = {isa = PBXFileReference; explicitFileType = wrapper.application; includeInIndex = 0; path = "json-test-app.app"; sourceTree = BUILT_PRODUCTS_DIR; };
		54246B361B0025F700777B18 /* Info.plist */ = {isa = PBXFileReference; lastKnownFileType = text.plist.xml; path = Info.plist; sourceTree = "<group>"; };
		54246B371B0025F700777B18 /* AppDelegate.swift */ = {isa = PBXFileReference; lastKnownFileType = sourcecode.swift; path = AppDelegate.swift; sourceTree = "<group>"; };
		54246B3C1B0025F700777B18 /* Base */ = {isa = PBXFileReference; lastKnownFileType = file.storyboard; name = Base; path = Base.lproj/Main.storyboard; sourceTree = "<group>"; };
		54246B3E1B0025F700777B18 /* Images.xcassets */ = {isa = PBXFileReference; lastKnownFileType = folder.assetcatalog; path = Images.xcassets; sourceTree = "<group>"; };
		54246B411B0025F700777B18 /* Base */ = {isa = PBXFileReference; lastKnownFileType = file.xib; name = Base; path = Base.lproj/LaunchScreen.xib; sourceTree = "<group>"; };
		54246B471B0025F700777B18 /* json-test-appTests.xctest */ = {isa = PBXFileReference; explicitFileType = wrapper.cfbundle; includeInIndex = 0; path = "json-test-appTests.xctest"; sourceTree = BUILT_PRODUCTS_DIR; };
		54246B4C1B0025F700777B18 /* Info.plist */ = {isa = PBXFileReference; lastKnownFileType = text.plist.xml; path = Info.plist; sourceTree = "<group>"; };
		54246B4D1B0025F700777B18 /* json_test_appTests.swift */ = {isa = PBXFileReference; lastKnownFileType = sourcecode.swift; path = json_test_appTests.swift; sourceTree = "<group>"; };
		54246B571B0028CE00777B18 /* UsersTableViewController.swift */ = {isa = PBXFileReference; fileEncoding = 4; lastKnownFileType = sourcecode.swift; path = UsersTableViewController.swift; sourceTree = "<group>"; };
		54246B5B1B002A1A00777B18 /* UserViewController.swift */ = {isa = PBXFileReference; fileEncoding = 4; lastKnownFileType = sourcecode.swift; path = UserViewController.swift; sourceTree = "<group>"; };
		54246B5D1B00451800777B18 /* UserModel.swift */ = {isa = PBXFileReference; fileEncoding = 4; lastKnownFileType = sourcecode.swift; path = UserModel.swift; sourceTree = "<group>"; };
		54246B5F1B00544B00777B18 /* API.swift */ = {isa = PBXFileReference; fileEncoding = 4; lastKnownFileType = sourcecode.swift; path = API.swift; sourceTree = "<group>"; };
/* End PBXFileReference section */

/* Begin PBXFrameworksBuildPhase section */
		54246B2F1B0025F700777B18 /* Frameworks */ = {
			isa = PBXFrameworksBuildPhase;
			buildActionMask = 2147483647;
			files = (
			);
			runOnlyForDeploymentPostprocessing = 0;
		};
		54246B441B0025F700777B18 /* Frameworks */ = {
			isa = PBXFrameworksBuildPhase;
			buildActionMask = 2147483647;
			files = (
			);
			runOnlyForDeploymentPostprocessing = 0;
		};
/* End PBXFrameworksBuildPhase section */

/* Begin PBXGroup section */
		54246B291B0025F700777B18 = {
			isa = PBXGroup;
			children = (
				54246B341B0025F700777B18 /* json-test-app */,
				54246B4A1B0025F700777B18 /* json-test-appTests */,
				54246B331B0025F700777B18 /* Products */,
			);
			sourceTree = "<group>";
		};
		54246B331B0025F700777B18 /* Products */ = {
			isa = PBXGroup;
			children = (
				54246B321B0025F700777B18 /* json-test-app.app */,
				54246B471B0025F700777B18 /* json-test-appTests.xctest */,
			);
			name = Products;
			sourceTree = "<group>";
		};
		54246B341B0025F700777B18 /* json-test-app */ = {
			isa = PBXGroup;
			children = (
				54246B371B0025F700777B18 /* AppDelegate.swift */,
				54246B5F1B00544B00777B18 /* API.swift */,
				54246B5D1B00451800777B18 /* UserModel.swift */,
				54246B5B1B002A1A00777B18 /* UserViewController.swift */,
				54246B571B0028CE00777B18 /* UsersTableViewController.swift */,
				54246B3B1B0025F700777B18 /* Main.storyboard */,
				54246B3E1B0025F700777B18 /* Images.xcassets */,
				54246B401B0025F700777B18 /* LaunchScreen.xib */,
				54246B351B0025F700777B18 /* Supporting Files */,
			);
			path = "json-test-app";
			sourceTree = "<group>";
		};
		54246B351B0025F700777B18 /* Supporting Files */ = {
			isa = PBXGroup;
			children = (
				54246B361B0025F700777B18 /* Info.plist */,
			);
			name = "Supporting Files";
			sourceTree = "<group>";
		};
		54246B4A1B0025F700777B18 /* json-test-appTests */ = {
			isa = PBXGroup;
			children = (
				54246B4D1B0025F700777B18 /* json_test_appTests.swift */,
				54246B4B1B0025F700777B18 /* Supporting Files */,
			);
			path = "json-test-appTests";
			sourceTree = "<group>";
		};
		54246B4B1B0025F700777B18 /* Supporting Files */ = {
			isa = PBXGroup;
			children = (
				54246B4C1B0025F700777B18 /* Info.plist */,
			);
			name = "Supporting Files";
			sourceTree = "<group>";
		};
/* End PBXGroup section */

/* Begin PBXNativeTarget section */
		54246B311B0025F700777B18 /* json-test-app */ = {
			isa = PBXNativeTarget;
			buildConfigurationList = 54246B511B0025F700777B18 /* Build configuration list for PBXNativeTarget "json-test-app" */;
			buildPhases = (
				54246B2E1B0025F700777B18 /* Sources */,
				54246B2F1B0025F700777B18 /* Frameworks */,
				54246B301B0025F700777B18 /* Resources */,
			);
			buildRules = (
			);
			dependencies = (
			);
			name = "json-test-app";
			productName = "json-test-app";
			productReference = 54246B321B0025F700777B18 /* json-test-app.app */;
			productType = "com.apple.product-type.application";
		};
		54246B461B0025F700777B18 /* json-test-appTests */ = {
			isa = PBXNativeTarget;
			buildConfigurationList = 54246B541B0025F700777B18 /* Build configuration list for PBXNativeTarget "json-test-appTests" */;
			buildPhases = (
				54246B431B0025F700777B18 /* Sources */,
				54246B441B0025F700777B18 /* Frameworks */,
				54246B451B0025F700777B18 /* Resources */,
			);
			buildRules = (
			);
			dependencies = (
				54246B491B0025F700777B18 /* PBXTargetDependency */,
			);
			name = "json-test-appTests";
			productName = "json-test-appTests";
			productReference = 54246B471B0025F700777B18 /* json-test-appTests.xctest */;
			productType = "com.apple.product-type.bundle.unit-test";
		};
/* End PBXNativeTarget section */

/* Begin PBXProject section */
		54246B2A1B0025F700777B18 /* Project object */ = {
			isa = PBXProject;
			attributes = {
				LastUpgradeCheck = 0630;
				ORGANIZATIONNAME = "Jimmy Pocock";
				TargetAttributes = {
					54246B311B0025F700777B18 = {
						CreatedOnToolsVersion = 6.3.1;
					};
					54246B461B0025F700777B18 = {
						CreatedOnToolsVersion = 6.3.1;
						TestTargetID = 54246B311B0025F700777B18;
					};
				};
			};
			buildConfigurationList = 54246B2D1B0025F700777B18 /* Build configuration list for PBXProject "json-test-app" */;
			compatibilityVersion = "Xcode 3.2";
			developmentRegion = English;
			hasScannedForEncodings = 0;
			knownRegions = (
				en,
				Base,
			);
			mainGroup = 54246B291B0025F700777B18;
			productRefGroup = 54246B331B0025F700777B18 /* Products */;
			projectDirPath = "";
			projectRoot = "";
			targets = (
				54246B311B0025F700777B18 /* json-test-app */,
				54246B461B0025F700777B18 /* json-test-appTests */,
			);
		};
/* End PBXProject section */

/* Begin PBXResourcesBuildPhase section */
		54246B301B0025F700777B18 /* Resources */ = {
			isa = PBXResourcesBuildPhase;
			buildActionMask = 2147483647;
			files = (
				54246B3D1B0025F700777B18 /* Main.storyboard in Resources */,
				54246B421B0025F700777B18 /* LaunchScreen.xib in Resources */,
				54246B3F1B0025F700777B18 /* Images.xcassets in Resources */,
			);
			runOnlyForDeploymentPostprocessing = 0;
		};
		54246B451B0025F700777B18 /* Resources */ = {
			isa = PBXResourcesBuildPhase;
			buildActionMask = 2147483647;
			files = (
			);
			runOnlyForDeploymentPostprocessing = 0;
		};
/* End PBXResourcesBuildPhase section */

/* Begin PBXSourcesBuildPhase section */
		54246B2E1B0025F700777B18 /* Sources */ = {
			isa = PBXSourcesBuildPhase;
			buildActionMask = 2147483647;
			files = (
				54246B381B0025F700777B18 /* AppDelegate.swift in Sources */,
				54246B5C1B002A1A00777B18 /* UserViewController.swift in Sources */,
				54246B581B0028CE00777B18 /* UsersTableViewController.swift in Sources */,
				54246B5E1B00451800777B18 /* UserModel.swift in Sources */,
				54246B601B00544B00777B18 /* API.swift in Sources */,
			);
			runOnlyForDeploymentPostprocessing = 0;
		};
		54246B431B0025F700777B18 /* Sources */ = {
			isa = PBXSourcesBuildPhase;
			buildActionMask = 2147483647;
			files = (
				54246B4E1B0025F700777B18 /* json_test_appTests.swift in Sources */,
			);
			runOnlyForDeploymentPostprocessing = 0;
		};
/* End PBXSourcesBuildPhase section */

/* Begin PBXTargetDependency section */
		54246B491B0025F700777B18 /* PBXTargetDependency */ = {
			isa = PBXTargetDependency;
			target = 54246B311B0025F700777B18 /* json-test-app */;
			targetProxy = 54246B481B0025F700777B18 /* PBXContainerItemProxy */;
		};
/* End PBXTargetDependency section */

/* Begin PBXVariantGroup section */
		54246B3B1B0025F700777B18 /* Main.storyboard */ = {
			isa = PBXVariantGroup;
			children = (
				54246B3C1B0025F700777B18 /* Base */,
			);
			name = Main.storyboard;
			sourceTree = "<group>";
		};
		54246B401B0025F700777B18 /* LaunchScreen.xib */ = {
			isa = PBXVariantGroup;
			children = (
				54246B411B0025F700777B18 /* Base */,
			);
			name = LaunchScreen.xib;
			sourceTree = "<group>";
		};
/* End PBXVariantGroup section */

/* Begin XCBuildConfiguration section */
		54246B4F1B0025F700777B18 /* Debug */ = {
			isa = XCBuildConfiguration;
			buildSettings = {
				ALWAYS_SEARCH_USER_PATHS = NO;
				CLANG_CXX_LANGUAGE_STANDARD = "gnu++0x";
				CLANG_CXX_LIBRARY = "libc++";
				CLANG_ENABLE_MODULES = YES;
				CLANG_ENABLE_OBJC_ARC = YES;
				CLANG_WARN_BOOL_CONVERSION = YES;
				CLANG_WARN_CONSTANT_CONVERSION = YES;
				CLANG_WARN_DIRECT_OBJC_ISA_USAGE = YES_ERROR;
				CLANG_WARN_EMPTY_BODY = YES;
				CLANG_WARN_ENUM_CONVERSION = YES;
				CLANG_WARN_INT_CONVERSION = YES;
				CLANG_WARN_OBJC_ROOT_CLASS = YES_ERROR;
				CLANG_WARN_UNREACHABLE_CODE = YES;
				CLANG_WARN__DUPLICATE_METHOD_MATCH = YES;
				"CODE_SIGN_IDENTITY[sdk=iphoneos*]" = "iPhone Developer";
				COPY_PHASE_STRIP = NO;
				DEBUG_INFORMATION_FORMAT = "dwarf-with-dsym";
				ENABLE_STRICT_OBJC_MSGSEND = YES;
				GCC_C_LANGUAGE_STANDARD = gnu99;
				GCC_DYNAMIC_NO_PIC = NO;
				GCC_NO_COMMON_BLOCKS = YES;
				GCC_OPTIMIZATION_LEVEL = 0;
				GCC_PREPROCESSOR_DEFINITIONS = (
					"DEBUG=1",
					"$(inherited)",
				);
				GCC_SYMBOLS_PRIVATE_EXTERN = NO;
				GCC_WARN_64_TO_32_BIT_CONVERSION = YES;
				GCC_WARN_ABOUT_RETURN_TYPE = YES_ERROR;
				GCC_WARN_UNDECLARED_SELECTOR = YES;
				GCC_WARN_UNINITIALIZED_AUTOS = YES_AGGRESSIVE;
				GCC_WARN_UNUSED_FUNCTION = YES;
				GCC_WARN_UNUSED_VARIABLE = YES;
				IPHONEOS_DEPLOYMENT_TARGET = 8.3;
				MTL_ENABLE_DEBUG_INFO = YES;
				ONLY_ACTIVE_ARCH = YES;
				SDKROOT = iphoneos;
				SWIFT_OPTIMIZATION_LEVEL = "-Onone";
				TARGETED_DEVICE_FAMILY = "1,2";
			};
			name = Debug;
		};
		54246B501B0025F700777B18 /* Release */ = {
			isa = XCBuildConfiguration;
			buildSettings = {
				ALWAYS_SEARCH_USER_PATHS = NO;
				CLANG_CXX_LANGUAGE_STANDARD = "gnu++0x";
				CLANG_CXX_LIBRARY = "libc++";
				CLANG_ENABLE_MODULES = YES;
				CLANG_ENABLE_OBJC_ARC = YES;
				CLANG_WARN_BOOL_CONVERSION = YES;
				CLANG_WARN_CONSTANT_CONVERSION = YES;
				CLANG_WARN_DIRECT_OBJC_ISA_USAGE = YES_ERROR;
				CLANG_WARN_EMPTY_BODY = YES;
				CLANG_WARN_ENUM_CONVERSION = YES;
				CLANG_WARN_INT_CONVERSION = YES;
				CLANG_WARN_OBJC_ROOT_CLASS = YES_ERROR;
				CLANG_WARN_UNREACHABLE_CODE = YES;
				CLANG_WARN__DUPLICATE_METHOD_MATCH = YES;
				"CODE_SIGN_IDENTITY[sdk=iphoneos*]" = "iPhone Developer";
				COPY_PHASE_STRIP = NO;
				DEBUG_INFORMATION_FORMAT = "dwarf-with-dsym";
				ENABLE_NS_ASSERTIONS = NO;
				ENABLE_STRICT_OBJC_MSGSEND = YES;
				GCC_C_LANGUAGE_STANDARD = gnu99;
				GCC_NO_COMMON_BLOCKS = YES;
				GCC_WARN_64_TO_32_BIT_CONVERSION = YES;
				GCC_WARN_ABOUT_RETURN_TYPE = YES_ERROR;
				GCC_WARN_UNDECLARED_SELECTOR = YES;
				GCC_WARN_UNINITIALIZED_AUTOS = YES_AGGRESSIVE;
				GCC_WARN_UNUSED_FUNCTION = YES;
				GCC_WARN_UNUSED_VARIABLE = YES;
				IPHONEOS_DEPLOYMENT_TARGET = 8.3;
				MTL_ENABLE_DEBUG_INFO = NO;
				SDKROOT = iphoneos;
				TARGETED_DEVICE_FAMILY = "1,2";
				VALIDATE_PRODUCT = YES;
			};
			name = Release;
		};
		54246B521B0025F700777B18 /* Debug */ = {
			isa = XCBuildConfiguration;
			buildSettings = {
				ASSETCATALOG_COMPILER_APPICON_NAME = AppIcon;
				INFOPLIST_FILE = "json-test-app/Info.plist";
				LD_RUNPATH_SEARCH_PATHS = "$(inherited) @executable_path/Frameworks";
				PRODUCT_NAME = "$(TARGET_NAME)";
			};
			name = Debug;
		};
		54246B531B0025F700777B18 /* Release */ = {
			isa = XCBuildConfiguration;
			buildSettings = {
				ASSETCATALOG_COMPILER_APPICON_NAME = AppIcon;
				INFOPLIST_FILE = "json-test-app/Info.plist";
				LD_RUNPATH_SEARCH_PATHS = "$(inherited) @executable_path/Frameworks";
				PRODUCT_NAME = "$(TARGET_NAME)";
			};
			name = Release;
		};
		54246B551B0025F700777B18 /* Debug */ = {
			isa = XCBuildConfiguration;
			buildSettings = {
				BUNDLE_LOADER = "$(TEST_HOST)";
				FRAMEWORK_SEARCH_PATHS = (
					"$(SDKROOT)/Developer/Library/Frameworks",
					"$(inherited)",
				);
				GCC_PREPROCESSOR_DEFINITIONS = (
					"DEBUG=1",
					"$(inherited)",
				);
				INFOPLIST_FILE = "json-test-appTests/Info.plist";
				LD_RUNPATH_SEARCH_PATHS = "$(inherited) @executable_path/Frameworks @loader_path/Frameworks";
				PRODUCT_NAME = "$(TARGET_NAME)";
				TEST_HOST = "$(BUILT_PRODUCTS_DIR)/json-test-app.app/json-test-app";
			};
			name = Debug;
		};
		54246B561B0025F700777B18 /* Release */ = {
			isa = XCBuildConfiguration;
			buildSettings = {
				BUNDLE_LOADER = "$(TEST_HOST)";
				FRAMEWORK_SEARCH_PATHS = (
					"$(SDKROOT)/Developer/Library/Frameworks",
					"$(inherited)",
				);
				INFOPLIST_FILE = "json-test-appTests/Info.plist";
				LD_RUNPATH_SEARCH_PATHS = "$(inherited) @executable_path/Frameworks @loader_path/Frameworks";
				PRODUCT_NAME = "$(TARGET_NAME)";
				TEST_HOST = "$(BUILT_PRODUCTS_DIR)/json-test-app.app/json-test-app";
			};
			name = Release;
		};
/* End XCBuildConfiguration section */

/* Begin XCConfigurationList section */
		54246B2D1B0025F700777B18 /* Build configuration list for PBXProject "json-test-app" */ = {
			isa = XCConfigurationList;
			buildConfigurations = (
				54246B4F1B0025F700777B18 /* Debug */,
				54246B501B0025F700777B18 /* Release */,
			);
			defaultConfigurationIsVisible = 0;
			defaultConfigurationName = Release;
		};
		54246B511B0025F700777B18 /* Build configuration list for PBXNativeTarget "json-test-app" */ = {
			isa = XCConfigurationList;
			buildConfigurations = (
				54246B521B0025F700777B18 /* Debug */,
				54246B531B0025F700777B18 /* Release */,
			);
			defaultConfigurationIsVisible = 0;
			defaultConfigurationName = Release;
		};
		54246B541B0025F700777B18 /* Build configuration list for PBXNativeTarget "json-test-appTests" */ = {
			isa = XCConfigurationList;
			buildConfigurations = (
				54246B551B0025F700777B18 /* Debug */,
				54246B561B0025F700777B18 /* Release */,
			);
			defaultConfigurationIsVisible = 0;
			defaultConfigurationName = Release;
		};
/* End XCConfigurationList section */
	};
	rootObject = 54246B2A1B0025F700777B18 /* Project object */;
}
